
Microsoft Visual Studio Solution File, Format Version 11.00
# Visual Studio 2010
Project("{2150E333-8FDC-42A3-9474-1A3956D46DE8}") = "Solution Items", "Solution Items", "{280E7C3D-FD51-442D-A5FB-35309A245B23}"
	ProjectSection(SolutionItems) = preProject
		License Status.FxCop = License Status.FxCop
		License.txt = License.txt
		lmstat-acad.log = lmstat-acad.log
		lmstat-connect.log = lmstat-connect.log
		lmstat-errors.log = lmstat-errors.log
		lmstat-invalid.log = lmstat-invalid.log
		lmstat-large.log = lmstat-large.log
		lmstat-nx.log = lmstat-nx.log
		lmstat-test.log = lmstat-test.log
		ReleaseNotes.txt = ReleaseNotes.txt
	EndProjectSection
EndProject
Project("{FAE04EC0-301F-11D3-BF4B-00C04F79EFBC}") = "LicenseStatus", "LicenseStatus\LicenseStatus.csproj", "{46C70832-B7BC-49E5-BAC1-32B8D7F0AE45}"
EndProject
Project("{FAE04EC0-301F-11D3-BF4B-00C04F79EFBC}") = "LicenseManager", "LicenseManager\LicenseManager.csproj", "{79BD1B1B-B2D8-4DC9-8ED8-C3676CFC1AC5}"
EndProject
Project("{FAE04EC0-301F-11D3-BF4B-00C04F79EFBC}") = "LicenseManagerTests", "LicenseManagerTests\LicenseManagerTests.csproj", "{6FB28D7E-0B26-4AF6-BF24-257458E5A1EB}"
EndProject
Project("{930C7802-8A8C-48F9-8165-68863BCCD9DD}") = "Setup_WiX", "Setup_WiX\Setup_WiX.wixproj", "{4CF2FE44-83D3-484F-B7A2-A4A7EC6DCE74}"
EndProject
Global
	GlobalSection(SubversionScc) = preSolution
		Svn-Managed = True
		Manager = AnkhSVN - Subversion Support for Visual Studio
	EndGlobalSection
	GlobalSection(SolutionConfigurationPlatforms) = preSolution
		CD_ROM|Any CPU = CD_ROM|Any CPU
		CD_ROM|Mixed Platforms = CD_ROM|Mixed Platforms
		CD_ROM|x86 = CD_ROM|x86
		Debug|Any CPU = Debug|Any CPU
		Debug|Mixed Platforms = Debug|Mixed Platforms
		Debug|x86 = Debug|x86
		DVD-5|Any CPU = DVD-5|Any CPU
		DVD-5|Mixed Platforms = DVD-5|Mixed Platforms
		DVD-5|x86 = DVD-5|x86
		Release|Any CPU = Release|Any CPU
		Release|Mixed Platforms = Release|Mixed Platforms
		Release|x86 = Release|x86
		SingleImage|Any CPU = SingleImage|Any CPU
		SingleImage|Mixed Platforms = SingleImage|Mixed Platforms
		SingleImage|x86 = SingleImage|x86
	EndGlobalSection
	GlobalSection(ProjectConfigurationPlatforms) = postSolution
		{46C70832-B7BC-49E5-BAC1-32B8D7F0AE45}.CD_ROM|Any CPU.ActiveCfg = Release|Any CPU
		{46C70832-B7BC-49E5-BAC1-32B8D7F0AE45}.CD_ROM|Any CPU.Build.0 = Release|Any CPU
		{46C70832-B7BC-49E5-BAC1-32B8D7F0AE45}.CD_ROM|Mixed Platforms.ActiveCfg = Release|Any CPU
		{46C70832-B7BC-49E5-BAC1-32B8D7F0AE45}.CD_ROM|Mixed Platforms.Build.0 = Release|Any CPU
		{46C70832-B7BC-49E5-BAC1-32B8D7F0AE45}.CD_ROM|x86.ActiveCfg = Release|Any CPU
		{46C70832-B7BC-49E5-BAC1-32B8D7F0AE45}.Debug|Any CPU.ActiveCfg = Debug|Any CPU
		{46C70832-B7BC-49E5-BAC1-32B8D7F0AE45}.Debug|Any CPU.Build.0 = Debug|Any CPU
		{46C70832-B7BC-49E5-BAC1-32B8D7F0AE45}.Debug|Mixed Platforms.ActiveCfg = Debug|Any CPU
		{46C70832-B7BC-49E5-BAC1-32B8D7F0AE45}.Debug|Mixed Platforms.Build.0 = Debug|Any CPU
		{46C70832-B7BC-49E5-BAC1-32B8D7F0AE45}.Debug|x86.ActiveCfg = Debug|Any CPU
		{46C70832-B7BC-49E5-BAC1-32B8D7F0AE45}.DVD-5|Any CPU.ActiveCfg = Debug|Any CPU
		{46C70832-B7BC-49E5-BAC1-32B8D7F0AE45}.DVD-5|Any CPU.Build.0 = Debug|Any CPU
		{46C70832-B7BC-49E5-BAC1-32B8D7F0AE45}.DVD-5|Mixed Platforms.ActiveCfg = Debug|Any CPU
		{46C70832-B7BC-49E5-BAC1-32B8D7F0AE45}.DVD-5|Mixed Platforms.Build.0 = Debug|Any CPU
		{46C70832-B7BC-49E5-BAC1-32B8D7F0AE45}.DVD-5|x86.ActiveCfg = Debug|Any CPU
		{46C70832-B7BC-49E5-BAC1-32B8D7F0AE45}.Release|Any CPU.ActiveCfg = Release|Any CPU
		{46C70832-B7BC-49E5-BAC1-32B8D7F0AE45}.Release|Any CPU.Build.0 = Release|Any CPU
		{46C70832-B7BC-49E5-BAC1-32B8D7F0AE45}.Release|Mixed Platforms.ActiveCfg = Release|Any CPU
		{46C70832-B7BC-49E5-BAC1-32B8D7F0AE45}.Release|Mixed Platforms.Build.0 = Release|Any CPU
		{46C70832-B7BC-49E5-BAC1-32B8D7F0AE45}.Release|x86.ActiveCfg = Release|Any CPU
		{46C70832-B7BC-49E5-BAC1-32B8D7F0AE45}.SingleImage|Any CPU.ActiveCfg = Release|Any CPU
		{46C70832-B7BC-49E5-BAC1-32B8D7F0AE45}.SingleImage|Any CPU.Build.0 = Release|Any CPU
		{46C70832-B7BC-49E5-BAC1-32B8D7F0AE45}.SingleImage|Mixed Platforms.ActiveCfg = Release|Any CPU
		{46C70832-B7BC-49E5-BAC1-32B8D7F0AE45}.SingleImage|Mixed Platforms.Build.0 = Release|Any CPU
		{46C70832-B7BC-49E5-BAC1-32B8D7F0AE45}.SingleImage|x86.ActiveCfg = Release|Any CPU
		{79BD1B1B-B2D8-4DC9-8ED8-C3676CFC1AC5}.CD_ROM|Any CPU.ActiveCfg = Release|Any CPU
		{79BD1B1B-B2D8-4DC9-8ED8-C3676CFC1AC5}.CD_ROM|Any CPU.Build.0 = Release|Any CPU
		{79BD1B1B-B2D8-4DC9-8ED8-C3676CFC1AC5}.CD_ROM|Mixed Platforms.ActiveCfg = Release|Any CPU
		{79BD1B1B-B2D8-4DC9-8ED8-C3676CFC1AC5}.CD_ROM|Mixed Platforms.Build.0 = Release|Any CPU
		{79BD1B1B-B2D8-4DC9-8ED8-C3676CFC1AC5}.CD_ROM|x86.ActiveCfg = Release|Any CPU
		{79BD1B1B-B2D8-4DC9-8ED8-C3676CFC1AC5}.Debug|Any CPU.ActiveCfg = Debug|Any CPU
		{79BD1B1B-B2D8-4DC9-8ED8-C3676CFC1AC5}.Debug|Any CPU.Build.0 = Debug|Any CPU
		{79BD1B1B-B2D8-4DC9-8ED8-C3676CFC1AC5}.Debug|Mixed Platforms.ActiveCfg = Debug|Any CPU
		{79BD1B1B-B2D8-4DC9-8ED8-C3676CFC1AC5}.Debug|Mixed Platforms.Build.0 = Debug|Any CPU
		{79BD1B1B-B2D8-4DC9-8ED8-C3676CFC1AC5}.Debug|x86.ActiveCfg = Debug|Any CPU
		{79BD1B1B-B2D8-4DC9-8ED8-C3676CFC1AC5}.DVD-5|Any CPU.ActiveCfg = Debug|Any CPU
		{79BD1B1B-B2D8-4DC9-8ED8-C3676CFC1AC5}.DVD-5|Any CPU.Build.0 = Debug|Any CPU
		{79BD1B1B-B2D8-4DC9-8ED8-C3676CFC1AC5}.DVD-5|Mixed Platforms.ActiveCfg = Debug|Any CPU
		{79BD1B1B-B2D8-4DC9-8ED8-C3676CFC1AC5}.DVD-5|Mixed Platforms.Build.0 = Debug|Any CPU
		{79BD1B1B-B2D8-4DC9-8ED8-C3676CFC1AC5}.DVD-5|x86.ActiveCfg = Debug|Any CPU
		{79BD1B1B-B2D8-4DC9-8ED8-C3676CFC1AC5}.Release|Any CPU.ActiveCfg = Release|Any CPU
		{79BD1B1B-B2D8-4DC9-8ED8-C3676CFC1AC5}.Release|Any CPU.Build.0 = Release|Any CPU
		{79BD1B1B-B2D8-4DC9-8ED8-C3676CFC1AC5}.Release|Mixed Platforms.ActiveCfg = Release|Any CPU
		{79BD1B1B-B2D8-4DC9-8ED8-C3676CFC1AC5}.Release|Mixed Platforms.Build.0 = Release|Any CPU
		{79BD1B1B-B2D8-4DC9-8ED8-C3676CFC1AC5}.Release|x86.ActiveCfg = Release|Any CPU
		{79BD1B1B-B2D8-4DC9-8ED8-C3676CFC1AC5}.SingleImage|Any CPU.ActiveCfg = Release|Any CPU
		{79BD1B1B-B2D8-4DC9-8ED8-C3676CFC1AC5}.SingleImage|Any CPU.Build.0 = Release|Any CPU
		{79BD1B1B-B2D8-4DC9-8ED8-C3676CFC1AC5}.SingleImage|Mixed Platforms.ActiveCfg = Release|Any CPU
		{79BD1B1B-B2D8-4DC9-8ED8-C3676CFC1AC5}.SingleImage|Mixed Platforms.Build.0 = Release|Any CPU
		{79BD1B1B-B2D8-4DC9-8ED8-C3676CFC1AC5}.SingleImage|x86.ActiveCfg = Release|Any CPU
		{6FB28D7E-0B26-4AF6-BF24-257458E5A1EB}.CD_ROM|Any CPU.ActiveCfg = Release|Any CPU
		{6FB28D7E-0B26-4AF6-BF24-257458E5A1EB}.CD_ROM|Any CPU.Build.0 = Release|Any CPU
		{6FB28D7E-0B26-4AF6-BF24-257458E5A1EB}.CD_ROM|Mixed Platforms.ActiveCfg = Release|Any CPU
		{6FB28D7E-0B26-4AF6-BF24-257458E5A1EB}.CD_ROM|Mixed Platforms.Build.0 = Release|Any CPU
		{6FB28D7E-0B26-4AF6-BF24-257458E5A1EB}.CD_ROM|x86.ActiveCfg = Release|Any CPU
		{6FB28D7E-0B26-4AF6-BF24-257458E5A1EB}.Debug|Any CPU.ActiveCfg = Debug|Any CPU
		{6FB28D7E-0B26-4AF6-BF24-257458E5A1EB}.Debug|Any CPU.Build.0 = Debug|Any CPU
		{6FB28D7E-0B26-4AF6-BF24-257458E5A1EB}.Debug|Mixed Platforms.ActiveCfg = Debug|Any CPU
		{6FB28D7E-0B26-4AF6-BF24-257458E5A1EB}.Debug|Mixed Platforms.Build.0 = Debug|Any CPU
		{6FB28D7E-0B26-4AF6-BF24-257458E5A1EB}.Debug|x86.ActiveCfg = Debug|Any CPU
		{6FB28D7E-0B26-4AF6-BF24-257458E5A1EB}.DVD-5|Any CPU.ActiveCfg = Debug|Any CPU
		{6FB28D7E-0B26-4AF6-BF24-257458E5A1EB}.DVD-5|Any CPU.Build.0 = Debug|Any CPU
		{6FB28D7E-0B26-4AF6-BF24-257458E5A1EB}.DVD-5|Mixed Platforms.ActiveCfg = Debug|Any CPU
		{6FB28D7E-0B26-4AF6-BF24-257458E5A1EB}.DVD-5|Mixed Platforms.Build.0 = Debug|Any CPU
		{6FB28D7E-0B26-4AF6-BF24-257458E5A1EB}.DVD-5|x86.ActiveCfg = Debug|Any CPU
		{6FB28D7E-0B26-4AF6-BF24-257458E5A1EB}.Release|Any CPU.ActiveCfg = Release|Any CPU
		{6FB28D7E-0B26-4AF6-BF24-257458E5A1EB}.Release|Mixed Platforms.ActiveCfg = Release|Any CPU
		{6FB28D7E-0B26-4AF6-BF24-257458E5A1EB}.Release|Mixed Platforms.Build.0 = Release|Any CPU
		{6FB28D7E-0B26-4AF6-BF24-257458E5A1EB}.Release|x86.ActiveCfg = Release|Any CPU
		{6FB28D7E-0B26-4AF6-BF24-257458E5A1EB}.SingleImage|Any CPU.ActiveCfg = Release|Any CPU
		{6FB28D7E-0B26-4AF6-BF24-257458E5A1EB}.SingleImage|Any CPU.Build.0 = Release|Any CPU
		{6FB28D7E-0B26-4AF6-BF24-257458E5A1EB}.SingleImage|Mixed Platforms.ActiveCfg = Release|Any CPU
		{6FB28D7E-0B26-4AF6-BF24-257458E5A1EB}.SingleImage|Mixed Platforms.Build.0 = Release|Any CPU
		{6FB28D7E-0B26-4AF6-BF24-257458E5A1EB}.SingleImage|x86.ActiveCfg = Release|Any CPU
		{4CF2FE44-83D3-484F-B7A2-A4A7EC6DCE74}.CD_ROM|Any CPU.ActiveCfg = Release|x86
		{4CF2FE44-83D3-484F-B7A2-A4A7EC6DCE74}.CD_ROM|Mixed Platforms.ActiveCfg = Release|x86
		{4CF2FE44-83D3-484F-B7A2-A4A7EC6DCE74}.CD_ROM|Mixed Platforms.Build.0 = Release|x86
		{4CF2FE44-83D3-484F-B7A2-A4A7EC6DCE74}.CD_ROM|x86.ActiveCfg = Release|x86
		{4CF2FE44-83D3-484F-B7A2-A4A7EC6DCE74}.CD_ROM|x86.Build.0 = Release|x86
		{4CF2FE44-83D3-484F-B7A2-A4A7EC6DCE74}.Debug|Any CPU.ActiveCfg = Debug|x86
		{4CF2FE44-83D3-484F-B7A2-A4A7EC6DCE74}.Debug|Mixed Platforms.ActiveCfg = Debug|x86
		{4CF2FE44-83D3-484F-B7A2-A4A7EC6DCE74}.Debug|x86.ActiveCfg = Debug|x86
		{4CF2FE44-83D3-484F-B7A2-A4A7EC6DCE74}.Debug|x86.Build.0 = Debug|x86
		{4CF2FE44-83D3-484F-B7A2-A4A7EC6DCE74}.DVD-5|Any CPU.ActiveCfg = Debug|x86
		{4CF2FE44-83D3-484F-B7A2-A4A7EC6DCE74}.DVD-5|Mixed Platforms.ActiveCfg = Debug|x86
		{4CF2FE44-83D3-484F-B7A2-A4A7EC6DCE74}.DVD-5|Mixed Platforms.Build.0 = Debug|x86
		{4CF2FE44-83D3-484F-B7A2-A4A7EC6DCE74}.DVD-5|x86.ActiveCfg = Debug|x86
		{4CF2FE44-83D3-484F-B7A2-A4A7EC6DCE74}.DVD-5|x86.Build.0 = Debug|x86
		{4CF2FE44-83D3-484F-B7A2-A4A7EC6DCE74}.Release|Any CPU.ActiveCfg = Release|x86
		{4CF2FE44-83D3-484F-B7A2-A4A7EC6DCE74}.Release|Mixed Platforms.ActiveCfg = Release|x86
		{4CF2FE44-83D3-484F-B7A2-A4A7EC6DCE74}.Release|Mixed Platforms.Build.0 = Release|x86
		{4CF2FE44-83D3-484F-B7A2-A4A7EC6DCE74}.Release|x86.ActiveCfg = Release|x86
		{4CF2FE44-83D3-484F-B7A2-A4A7EC6DCE74}.Release|x86.Build.0 = Release|x86
		{4CF2FE44-83D3-484F-B7A2-A4A7EC6DCE74}.SingleImage|Any CPU.ActiveCfg = Release|x86
		{4CF2FE44-83D3-484F-B7A2-A4A7EC6DCE74}.SingleImage|Mixed Platforms.ActiveCfg = Release|x86
		{4CF2FE44-83D3-484F-B7A2-A4A7EC6DCE74}.SingleImage|Mixed Platforms.Build.0 = Release|x86
		{4CF2FE44-83D3-484F-B7A2-A4A7EC6DCE74}.SingleImage|x86.ActiveCfg = Release|x86
		{4CF2FE44-83D3-484F-B7A2-A4A7EC6DCE74}.SingleImage|x86.Build.0 = Release|x86
	EndGlobalSection
	GlobalSection(SolutionProperties) = preSolution
		HideSolutionNode = FALSE
	EndGlobalSection
EndGlobal
